
Microsoft Visual Studio Solution File, Format Version 12.00
# Visual Studio 14
VisualStudioVersion = 14.0.24720.0
MinimumVisualStudioVersion = 10.0.40219.1
Project("{2150E333-8FDC-42A3-9474-1A3956D46DE8}") = "src", "src", "{E3BBBF16-5F94-4C90-A00D-1ED64E3F2452}"
EndProject
Project("{2150E333-8FDC-42A3-9474-1A3956D46DE8}") = "Solution Items", "Solution Items", "{DB5B84B0-F907-497D-839B-BFC4E6194019}"
	ProjectSection(SolutionItems) = preProject
		global.json = global.json
	EndProjectSection
EndProject
Project("{8BB2217D-0F2D-49D1-97BC-3654ED321F3B}") = "WeatherAPI", "src\WeatherAPI\WeatherAPI.xproj", "{7BD242CE-4266-400D-8E4D-25DED9CFE89C}"
EndProject
Global
	GlobalSection(SolutionConfigurationPlatforms) = preSolution
		Debug|Any CPU = Debug|Any CPU
		Release|Any CPU = Release|Any CPU
	EndGlobalSection
	GlobalSection(ProjectConfigurationPlatforms) = postSolution
		{7BD242CE-4266-400D-8E4D-25DED9CFE89C}.Debug|Any CPU.ActiveCfg = Debug|Any CPU
		{7BD242CE-4266-400D-8E4D-25DED9CFE89C}.Debug|Any CPU.Build.0 = Debug|Any CPU
		{7BD242CE-4266-400D-8E4D-25DED9CFE89C}.Release|Any CPU.ActiveCfg = Release|Any CPU
		{7BD242CE-4266-400D-8E4D-25DED9CFE89C}.Release|Any CPU.Build.0 = Release|Any CPU
	EndGlobalSection
	GlobalSection(SolutionProperties) = preSolution
		HideSolutionNode = FALSE
	EndGlobalSection
	GlobalSection(NestedProjects) = preSolution
		{7BD242CE-4266-400D-8E4D-25DED9CFE89C} = {E3BBBF16-5F94-4C90-A00D-1ED64E3F2452}
	EndGlobalSection
EndGlobal
